
Microsoft Visual Studio Solution File, Format Version 12.00
# Visual Studio Version 17
VisualStudioVersion = 17.6.33829.357
MinimumVisualStudioVersion = 10.0.40219.1
Project("{FAE04EC0-301F-11D3-BF4B-00C04F79EFBC}") = "Expression Builder", "Expression Builder\Expression Builder.csproj", "{CB5DD717-BE9F-409F-A717-6AAABA04A7BF}"
EndProject
Global
	GlobalSection(SolutionConfigurationPlatforms) = preSolution
		Debug|Any CPU = Debug|Any CPU
		Release|Any CPU = Release|Any CPU
	EndGlobalSection
	GlobalSection(ProjectConfigurationPlatforms) = postSolution
		{CB5DD717-BE9F-409F-A717-6AAABA04A7BF}.Debug|Any CPU.ActiveCfg = Debug|Any CPU
		{CB5DD717-BE9F-409F-A717-6AAABA04A7BF}.Debug|Any CPU.Build.0 = Debug|Any CPU
		{CB5DD717-BE9F-409F-A717-6AAABA04A7BF}.Release|Any CPU.ActiveCfg = Release|Any CPU
		{CB5DD717-BE9F-409F-A717-6AAABA04A7BF}.Release|Any CPU.Build.0 = Release|Any CPU
	EndGlobalSection
	GlobalSection(SolutionProperties) = preSolution
		HideSolutionNode = FALSE
	EndGlobalSection
	GlobalSection(ExtensibilityGlobals) = postSolution
		SolutionGuid = {BDD45E12-A10D-4C0A-9183-31B771A41B62}
	EndGlobalSection
EndGlobal
